# This file is autogenerated, do not edit; changes may be undone by the next 'dep ensure'.


[[projects]]
  digest = "1:573fa46f8d413d4bc3f7cc5e86b2c43cb21559f4fb0a19d9874d228e28fdc07c"
  name = "github.com/PuerkitoBio/goquery"
  packages = ["."]
  pruneopts = "UT"
  revision = "2d2796f41742ece03e8086188fa4db16a3a0b458"
  version = "v1.5.0"

[[projects]]
  digest = "1:66b3310cf22cdc96c35ef84ede4f7b9b370971c4025f394c89a2638729653b11"
  name = "github.com/andybalholm/cascadia"
  packages = ["."]
  pruneopts = "UT"
  revision = "901648c87902174f774fac311d7f176f8647bdaa"
  version = "v1.0.0"

[[projects]]
  digest = "1:b24d38b282bacf9791408a080f606370efa3d364e4b5fd9ba0f7b87786d3b679"
  name = "github.com/codegangsta/cli"
  packages = ["."]
  pruneopts = "UT"
  revision = "cfb38830724cc34fedffe9a2a29fb54fa9169cd1"
  version = "v1.20.0"

[[projects]]
  branch = "master"
  digest = "1:8dbe76014be3c83806abc61befcb5e1789d2d872bc8f98a8fb955405550c63be"
  name = "github.com/grokify/html-strip-tags-go"
  packages = ["."]
  pruneopts = "UT"
  revision = "e9e44961e26f513866063f54bf85070db95600f7"

[[projects]]
  digest = "1:5d231480e1c64a726869bc4142d270184c419749d34f167646baa21008eb0a79"
  name = "github.com/mitchellh/go-homedir"
  packages = ["."]
  pruneopts = "UT"
  revision = "af06845cf3004701891bf4fdb884bfe4920b3727"
  version = "v1.1.0"

[[projects]]
  branch = "master"
  digest = "1:e564a9e23c65422754afbc07ec84252048a83b5c9f0a2e76a761cd35472216e5"
  name = "github.com/skratchdot/open-golang"
  packages = ["open"]
  pruneopts = "UT"
  revision = "a2dfa6d0dab6634ecf39251031a3d52db73b5c7e"

[[projects]]
  branch = "master"
  digest = "1:81e1a7dd1ab100e3ac0ad948e844959a0ebb225ad22849ccfa028503da17caed"
  name = "golang.org/x/net"
  packages = [
    "html",
    "html/atom",
  ]
  pruneopts = "UT"
  revision = "afa5a82059c6356159f699d81beff22a81842231"

[solve-meta]
  analyzer-name = "dep"
  analyzer-version = 1
  input-imports = [
    "github.com/PuerkitoBio/goquery",
    "github.com/codegangsta/cli",
    "github.com/grokify/html-strip-tags-go",
    "github.com/mitchellh/go-homedir",
    "github.com/skratchdot/open-golang/open",
  ]
  solver-name = "gps-cdcl"
  solver-version = 1
